
Microsoft Visual Studio Solution File, Format Version 12.00
# Visual Studio Version 17
VisualStudioVersion = 17.11.35312.102
MinimumVisualStudioVersion = 10.0.40219.1
Project("{FAE04EC0-301F-11D3-BF4B-00C04F79EFBC}") = "DSRS", "DSRS\DSRS.csproj", "{8D362B18-3084-43E8-A71D-E387084EDAD9}"
EndProject
Global
	GlobalSection(SolutionConfigurationPlatforms) = preSolution
		Debug|Any CPU = Debug|Any CPU
		Release|Any CPU = Release|Any CPU
	EndGlobalSection
	GlobalSection(ProjectConfigurationPlatforms) = postSolution
		{8D362B18-3084-43E8-A71D-E387084EDAD9}.Debug|Any CPU.ActiveCfg = Debug|Any CPU
		{8D362B18-3084-43E8-A71D-E387084EDAD9}.Debug|Any CPU.Build.0 = Debug|Any CPU
		{8D362B18-3084-43E8-A71D-E387084EDAD9}.Release|Any CPU.ActiveCfg = Release|Any CPU
		{8D362B18-3084-43E8-A71D-E387084EDAD9}.Release|Any CPU.Build.0 = Release|Any CPU
	EndGlobalSection
	GlobalSection(SolutionProperties) = preSolution
		HideSolutionNode = FALSE
	EndGlobalSection
	GlobalSection(ExtensibilityGlobals) = postSolution
		SolutionGuid = {010721A0-1E64-43D2-9D60-A3586EE7A53A}
	EndGlobalSection
EndGlobal
